{
  "pins" : [
    {
      "identity" : "mapbox-accounts-ios",
      "kind" : "remoteSourceControl",
      "location" : "https://github.com/mapbox/mapbox-accounts-ios.git",
      "state" : {
        "revision" : "cd438c7a5d41c520379a09d12340124c980a7225",
        "version" : "2.3.1"
      }
    },
    {
      "identity" : "mapbox-common-ios",
      "kind" : "remoteSourceControl",
      "location" : "https://github.com/mapbox/mapbox-common-ios.git",
      "state" : {
        "revision" : "3f2a8cacc8d7f639d198253b7d53a45c08a71aca",
        "version" : "9.2.0"
      }
    },
    {
      "identity" : "mapbox-directions-swift",
      "kind" : "remoteSourceControl",
      "location" : "https://github.com/mapbox/mapbox-directions-swift.git",
      "state" : {
        "revision" : "457fdba8cd39783d5ffb2c2ccdfa033d38e7cc8b",
        "version" : "1.2.0"
      }
    },
    {
      "identity" : "mapbox-events-ios",
      "kind" : "remoteSourceControl",
      "location" : "https://github.com/mapbox/mapbox-events-ios.git",
      "state" : {
        "revision" : "a6186124d12195104ad1b28568d790379412e497",
        "version" : "0.10.14"
      }
    },
    {
      "identity" : "mapbox-navigation-ios",
      "kind" : "remoteSourceControl",
      "location" : "https://github.com/mapbox/mapbox-navigation-ios.git",
      "state" : {
        "revision" : "4573a2cfe158abdfa86833fe22d703e634d5635e",
        "version" : "1.4.2"
      }
    },
    {
      "identity" : "mapbox-navigation-native-ios",
      "kind" : "remoteSourceControl",
      "location" : "https://github.com/mapbox/mapbox-navigation-native-ios.git",
      "state" : {
        "revision" : "5e37ae2ebe0d49a78ed064813791e56a81926c1e",
        "version" : "31.0.1"
      }
    },
    {
      "identity" : "polyline",
      "kind" : "remoteSourceControl",
      "location" : "https://github.com/raphaelmor/Polyline.git",
      "state" : {
        "revision" : "353f80378dcd8f17eefe8550090c6b1ae3c9da23",
        "version" : "5.1.0"
      }
    },
    {
      "identity" : "swiftcli",
      "kind" : "remoteSourceControl",
      "location" : "https://github.com/jakeheis/SwiftCLI",
      "state" : {
        "revision" : "2e949055d9797c1a6bddcda0e58dada16cc8e970",
        "version" : "6.0.3"
      }
    },
    {
      "identity" : "turf-swift",
      "kind" : "remoteSourceControl",
      "location" : "https://github.com/mapbox/turf-swift.git",
      "state" : {
        "revision" : "ed6f8dd1036c7ece722c7b2548f1f454f491d91e",
        "version" : "1.2.0"
      }
    }
  ],
  "version" : 2
}
